{
  "name": "test",
  "lockfileVersion": 3,
  "requires": true,
  "packages": {
    "": {
      "dependencies": {
        "layui-src": "^2.6.8"
      }
    },
    "node_modules/layui-src": {
      "version": "2.6.8",
      "resolved": "https://registry.npmjs.org/layui-src/-/layui-src-2.6.8.tgz",
      "integrity": "sha512-XNJN2q65Gp438LoQRTV6+ErGQ3AnDPMJRtFELy5OF2Ubw2+3xodqVcI6peRcqblUBwDMy/gmp2ngocqOsP1HFA==",
      "deprecated": "Package no longer supported. Contact Support at https://www.npmjs.com/support for more info."
    }
  }
}
